
Microsoft Visual Studio Solution File, Format Version 12.00
# Visual Studio Version 18
VisualStudioVersion = 18.10.12217.157 stable
MinimumVisualStudioVersion = 10.0.40219.1
Project("{FAE04EC0-301F-11D3-BF4B-00C04F79EFBC}") = "Luthor", "Luthor\Luthor.csproj", "{65C6722C-CD15-42F4-8A87-F85EA165A152}"
EndProject
Project("{2150E333-8FDC-42A3-9474-1A3956D46DE8}") = "Solution Items", "Solution Items", "{78938662-9A84-4591-A514-A24D6C2E00B1}"
	ProjectSection(SolutionItems) = preProject
		LICENSE.txt = LICENSE.txt
		luthor.py = luthor.py
		README.md = README.md
	EndProjectSection
EndProject
Project("{FAE04EC0-301F-11D3-BF4B-00C04F79EFBC}") = "Benchmark", "Benchmark\Benchmark.csproj", "{04C2606B-EC4D-44E0-BC84-FC08448CE9CC}"
EndProject
Global
	GlobalSection(SolutionConfigurationPlatforms) = preSolution
		Debug|Any CPU = Debug|Any CPU
		Debug|x64 = Debug|x64
		Debug|x86 = Debug|x86
		Release|Any CPU = Release|Any CPU
		Release|x64 = Release|x64
		Release|x86 = Release|x86
	EndGlobalSection
	GlobalSection(ProjectConfigurationPlatforms) = postSolution
		{65C6722C-CD15-42F4-8A87-F85EA165A152}.Debug|Any CPU.ActiveCfg = Debug|Any CPU
		{65C6722C-CD15-42F4-8A87-F85EA165A152}.Debug|Any CPU.Build.0 = Debug|Any CPU
		{65C6722C-CD15-42F4-8A87-F85EA165A152}.Debug|x64.ActiveCfg = Debug|Any CPU
		{65C6722C-CD15-42F4-8A87-F85EA165A152}.Debug|x64.Build.0 = Debug|Any CPU
		{65C6722C-CD15-42F4-8A87-F85EA165A152}.Debug|x86.ActiveCfg = Debug|Any CPU
		{65C6722C-CD15-42F4-8A87-F85EA165A152}.Debug|x86.Build.0 = Debug|Any CPU
		{65C6722C-CD15-42F4-8A87-F85EA165A152}.Release|Any CPU.ActiveCfg = Release|Any CPU
		{65C6722C-CD15-42F4-8A87-F85EA165A152}.Release|Any CPU.Build.0 = Release|Any CPU
		{65C6722C-CD15-42F4-8A87-F85EA165A152}.Release|x64.ActiveCfg = Release|Any CPU
		{65C6722C-CD15-42F4-8A87-F85EA165A152}.Release|x64.Build.0 = Release|Any CPU
		{65C6722C-CD15-42F4-8A87-F85EA165A152}.Release|x86.ActiveCfg = Release|Any CPU
		{65C6722C-CD15-42F4-8A87-F85EA165A152}.Release|x86.Build.0 = Release|Any CPU
		{04C2606B-EC4D-44E0-BC84-FC08448CE9CC}.Debug|Any CPU.ActiveCfg = Debug|Any CPU
		{04C2606B-EC4D-44E0-BC84-FC08448CE9CC}.Debug|Any CPU.Build.0 = Debug|Any CPU
		{04C2606B-EC4D-44E0-BC84-FC08448CE9CC}.Debug|x64.ActiveCfg = Debug|Any CPU
		{04C2606B-EC4D-44E0-BC84-FC08448CE9CC}.Debug|x64.Build.0 = Debug|Any CPU
		{04C2606B-EC4D-44E0-BC84-FC08448CE9CC}.Debug|x86.ActiveCfg = Debug|Any CPU
		{04C2606B-EC4D-44E0-BC84-FC08448CE9CC}.Debug|x86.Build.0 = Debug|Any CPU
		{04C2606B-EC4D-44E0-BC84-FC08448CE9CC}.Release|Any CPU.ActiveCfg = Release|Any CPU
		{04C2606B-EC4D-44E0-BC84-FC08448CE9CC}.Release|Any CPU.Build.0 = Release|Any CPU
		{04C2606B-EC4D-44E0-BC84-FC08448CE9CC}.Release|x64.ActiveCfg = Release|Any CPU
		{04C2606B-EC4D-44E0-BC84-FC08448CE9CC}.Release|x64.Build.0 = Release|Any CPU
		{04C2606B-EC4D-44E0-BC84-FC08448CE9CC}.Release|x86.ActiveCfg = Release|Any CPU
		{04C2606B-EC4D-44E0-BC84-FC08448CE9CC}.Release|x86.Build.0 = Release|Any CPU
	EndGlobalSection
	GlobalSection(SolutionProperties) = preSolution
		HideSolutionNode = FALSE
	EndGlobalSection
	GlobalSection(ExtensibilityGlobals) = postSolution
		SolutionGuid = {AC2629C8-EAFC-4614-AF81-B9907AF4012C}
	EndGlobalSection
EndGlobal
